
Microsoft Visual Studio Solution File, Format Version 12.00
# Visual Studio Version 17
VisualStudioVersion = 17.3.32929.385
MinimumVisualStudioVersion = 10.0.40219.1
Project("{FAE04EC0-301F-11D3-BF4B-00C04F79EFBC}") = "AspWebApi", "AspWebApi\AspWebApi.csproj", "{E6617DEB-4C07-4FAC-9E04-8B6552F2B522}"
EndProject
Global
	GlobalSection(SolutionConfigurationPlatforms) = preSolution
		Debug|Any CPU = Debug|Any CPU
		Release|Any CPU = Release|Any CPU
	EndGlobalSection
	GlobalSection(ProjectConfigurationPlatforms) = postSolution
		{E6617DEB-4C07-4FAC-9E04-8B6552F2B522}.Debug|Any CPU.ActiveCfg = Debug|Any CPU
		{E6617DEB-4C07-4FAC-9E04-8B6552F2B522}.Debug|Any CPU.Build.0 = Debug|Any CPU
		{E6617DEB-4C07-4FAC-9E04-8B6552F2B522}.Release|Any CPU.ActiveCfg = Release|Any CPU
		{E6617DEB-4C07-4FAC-9E04-8B6552F2B522}.Release|Any CPU.Build.0 = Release|Any CPU
	EndGlobalSection
	GlobalSection(SolutionProperties) = preSolution
		HideSolutionNode = FALSE
	EndGlobalSection
	GlobalSection(ExtensibilityGlobals) = postSolution
		SolutionGuid = {A6537484-8D79-4712-8E94-2572B725A4B7}
	EndGlobalSection
EndGlobal
